
Microsoft Visual Studio Solution File, Format Version 12.00
# Visual Studio Version 16
VisualStudioVersion = 16.0.31005.135
MinimumVisualStudioVersion = 10.0.40219.1
Project("{FAE04EC0-301F-11D3-BF4B-00C04F79EFBC}") = "AdvanceQuestion8", "AdvanceQuestion8\AdvanceQuestion8.csproj", "{B8AF2896-137A-4017-85B4-6EF0291A9E80}"
EndProject
Global
	GlobalSection(SolutionConfigurationPlatforms) = preSolution
		Debug|Any CPU = Debug|Any CPU
		Release|Any CPU = Release|Any CPU
	EndGlobalSection
	GlobalSection(ProjectConfigurationPlatforms) = postSolution
		{B8AF2896-137A-4017-85B4-6EF0291A9E80}.Debug|Any CPU.ActiveCfg = Debug|Any CPU
		{B8AF2896-137A-4017-85B4-6EF0291A9E80}.Debug|Any CPU.Build.0 = Debug|Any CPU
		{B8AF2896-137A-4017-85B4-6EF0291A9E80}.Release|Any CPU.ActiveCfg = Release|Any CPU
		{B8AF2896-137A-4017-85B4-6EF0291A9E80}.Release|Any CPU.Build.0 = Release|Any CPU
	EndGlobalSection
	GlobalSection(SolutionProperties) = preSolution
		HideSolutionNode = FALSE
	EndGlobalSection
	GlobalSection(ExtensibilityGlobals) = postSolution
		SolutionGuid = {FA70FD82-DFD0-45CC-A358-A9FE13F22EC7}
	EndGlobalSection
EndGlobal
